// !$*UTF8*$!
{
	archiveVersion = 1;
	classes = {
	};
	objectVersion = 46;
	objects = {

/* Begin PBXBuildFile section */
		25D64B441BF320AF00FBFCCF /* main.m in Sources */ = {isa = PBXBuildFile; fileRef = 25D64B431BF320AF00FBFCCF /* main.m */; };
		25D64B471BF320AF00FBFCCF /* AppDelegate.m in Sources */ = {isa = PBXBuildFile; fileRef = 25D64B461BF320AF00FBFCCF /* AppDelegate.m */; };
		25D64B4A1BF320AF00FBFCCF /* ViewController.m in Sources */ = {isa = PBXBuildFile; fileRef = 25D64B491BF320AF00FBFCCF /* ViewController.m */; };
		25D64B4D1BF320AF00FBFCCF /* Main.storyboard in Resources */ = {isa = PBXBuildFile; fileRef = 25D64B4B1BF320AF00FBFCCF /* Main.storyboard */; };
		25D64B4F1BF320AF00FBFCCF /* Images.xcassets in Resources */ = {isa = PBXBuildFile; fileRef = 25D64B4E1BF320AF00FBFCCF /* Images.xcassets */; };
		25D64B521BF320AF00FBFCCF /* LaunchScreen.xib in Resources */ = {isa = PBXBuildFile; fileRef = 25D64B501BF320AF00FBFCCF /* LaunchScreen.xib */; };
		25D64B5E1BF320AF00FBFCCF /* GitDomoTests.m in Sources */ = {isa = PBXBuildFile; fileRef = 25D64B5D1BF320AF00FBFCCF /* GitDomoTests.m */; };
/* End PBXBuildFile section */

/* Begin PBXContainerItemProxy section */
		25D64B581BF320AF00FBFCCF /* PBXContainerItemProxy */ = {
			isa = PBXContainerItemProxy;
			containerPortal = 25D64B361BF320AE00FBFCCF /* Project object */;
			proxyType = 1;
			remoteGlobalIDString = 25D64B3D1BF320AF00FBFCCF;
			remoteInfo = GitDomo;
		};
/* End PBXContainerItemProxy section */

/* Begin PBXFileReference section */
		25D64B3E1BF320AF00FBFCCF /* GitDomo.app */ = {isa = PBXFileReference; explicitFileType = wrapper.application; includeInIndex = 0; path = GitDomo.app; sourceTree = BUILT_PRODUCTS_DIR; };
		25D64B421BF320AF00FBFCCF /* Info.plist */ = {isa = PBXFileReference; lastKnownFileType = text.plist.xml; path = Info.plist; sourceTree = "<group>"; };
		25D64B431BF320AF00FBFCCF /* main.m */ = {isa = PBXFileReference; lastKnownFileType = sourcecode.c.objc; path = main.m; sourceTree = "<group>"; };
		25D64B451BF320AF00FBFCCF /* AppDelegate.h */ = {isa = PBXFileReference; lastKnownFileType = sourcecode.c.h; path = AppDelegate.h; sourceTree = "<group>"; };
		25D64B461BF320AF00FBFCCF /* AppDelegate.m */ = {isa = PBXFileReference; lastKnownFileType = sourcecode.c.objc; path = AppDelegate.m; sourceTree = "<group>"; };
		25D64B481BF320AF00FBFCCF /* ViewController.h */ = {isa = PBXFileReference; lastKnownFileType = sourcecode.c.h; path = ViewController.h; sourceTree = "<group>"; };
		25D64B491BF320AF00FBFCCF /* ViewController.m */ = {isa = PBXFileReference; lastKnownFileType = sourcecode.c.objc; path = ViewController.m; sourceTree = "<group>"; };
		25D64B4C1BF320AF00FBFCCF /* Base */ = {isa = PBXFileReference; lastKnownFileType = file.storyboard; name = Base; path = Base.lproj/Main.storyboard; sourceTree = "<group>"; };
		25D64B4E1BF320AF00FBFCCF /* Images.xcassets */ = {isa = PBXFileReference; lastKnownFileType = folder.assetcatalog; path = Images.xcassets; sourceTree = "<group>"; };
		25D64B511BF320AF00FBFCCF /* Base */ = {isa = PBXFileReference; lastKnownFileType = file.xib; name = Base; path = Base.lproj/LaunchScreen.xib; sourceTree = "<group>"; };
		25D64B571BF320AF00FBFCCF /* GitDomoTests.xctest */ = {isa = PBXFileReference; explicitFileType = wrapper.cfbundle; includeInIndex = 0; path = GitDomoTests.xctest; sourceTree = BUILT_PRODUCTS_DIR; };
		25D64B5C1BF320AF00FBFCCF /* Info.plist */ = {isa = PBXFileReference; lastKnownFileType = text.plist.xml; path = Info.plist; sourceTree = "<group>"; };
		25D64B5D1BF320AF00FBFCCF /* GitDomoTests.m */ = {isa = PBXFileReference; lastKnownFileType = sourcecode.c.objc; path = GitDomoTests.m; sourceTree = "<group>"; };
/* End PBXFileReference section */

/* Begin PBXFrameworksBuildPhase section */
		25D64B3B1BF320AF00FBFCCF /* Frameworks */ = {
			isa = PBXFrameworksBuildPhase;
			buildActionMask = 2147483647;
			files = (
			);
			runOnlyForDeploymentPostprocessing = 0;
		};
		25D64B541BF320AF00FBFCCF /* Frameworks */ = {
			isa = PBXFrameworksBuildPhase;
			buildActionMask = 2147483647;
			files = (
			);
			runOnlyForDeploymentPostprocessing = 0;
		};
/* End PBXFrameworksBuildPhase section */

/* Begin PBXGroup section */
		25D64B351BF320AE00FBFCCF = {
			isa = PBXGroup;
			children = (
				25D64B401BF320AF00FBFCCF /* GitDomo */,
				25D64B5A1BF320AF00FBFCCF /* GitDomoTests */,
				25D64B3F1BF320AF00FBFCCF /* Products */,
			);
			sourceTree = "<group>";
		};
		25D64B3F1BF320AF00FBFCCF /* Products */ = {
			isa = PBXGroup;
			children = (
				25D64B3E1BF320AF00FBFCCF /* GitDomo.app */,
				25D64B571BF320AF00FBFCCF /* GitDomoTests.xctest */,
			);
			name = Products;
			sourceTree = "<group>";
		};
		25D64B401BF320AF00FBFCCF /* GitDomo */ = {
			isa = PBXGroup;
			children = (
				25D64B451BF320AF00FBFCCF /* AppDelegate.h */,
				25D64B461BF320AF00FBFCCF /* AppDelegate.m */,
				25D64B481BF320AF00FBFCCF /* ViewController.h */,
				25D64B491BF320AF00FBFCCF /* ViewController.m */,
				25D64B4B1BF320AF00FBFCCF /* Main.storyboard */,
				25D64B4E1BF320AF00FBFCCF /* Images.xcassets */,
				25D64B501BF320AF00FBFCCF /* LaunchScreen.xib */,
				25D64B411BF320AF00FBFCCF /* Supporting Files */,
			);
			path = GitDomo;
			sourceTree = "<group>";
		};
		25D64B411BF320AF00FBFCCF /* Supporting Files */ = {
			isa = PBXGroup;
			children = (
				25D64B421BF320AF00FBFCCF /* Info.plist */,
				25D64B431BF320AF00FBFCCF /* main.m */,
			);
			name = "Supporting Files";
			sourceTree = "<group>";
		};
		25D64B5A1BF320AF00FBFCCF /* GitDomoTests */ = {
			isa = PBXGroup;
			children = (
				25D64B5D1BF320AF00FBFCCF /* GitDomoTests.m */,
				25D64B5B1BF320AF00FBFCCF /* Supporting Files */,
			);
			path = GitDomoTests;
			sourceTree = "<group>";
		};
		25D64B5B1BF320AF00FBFCCF /* Supporting Files */ = {
			isa = PBXGroup;
			children = (
				25D64B5C1BF320AF00FBFCCF /* Info.plist */,
			);
			name = "Supporting Files";
			sourceTree = "<group>";
		};
/* End PBXGroup section */

/* Begin PBXNativeTarget section */
		25D64B3D1BF320AF00FBFCCF /* GitDomo */ = {
			isa = PBXNativeTarget;
			buildConfigurationList = 25D64B611BF320AF00FBFCCF /* Build configuration list for PBXNativeTarget "GitDomo" */;
			buildPhases = (
				25D64B3A1BF320AF00FBFCCF /* Sources */,
				25D64B3B1BF320AF00FBFCCF /* Frameworks */,
				25D64B3C1BF320AF00FBFCCF /* Resources */,
			);
			buildRules = (
			);
			dependencies = (
			);
			name = GitDomo;
			productName = GitDomo;
			productReference = 25D64B3E1BF320AF00FBFCCF /* GitDomo.app */;
			productType = "com.apple.product-type.application";
		};
		25D64B561BF320AF00FBFCCF /* GitDomoTests */ = {
			isa = PBXNativeTarget;
			buildConfigurationList = 25D64B641BF320AF00FBFCCF /* Build configuration list for PBXNativeTarget "GitDomoTests" */;
			buildPhases = (
				25D64B531BF320AF00FBFCCF /* Sources */,
				25D64B541BF320AF00FBFCCF /* Frameworks */,
				25D64B551BF320AF00FBFCCF /* Resources */,
			);
			buildRules = (
			);
			dependencies = (
				25D64B591BF320AF00FBFCCF /* PBXTargetDependency */,
			);
			name = GitDomoTests;
			productName = GitDomoTests;
			productReference = 25D64B571BF320AF00FBFCCF /* GitDomoTests.xctest */;
			productType = "com.apple.product-type.bundle.unit-test";
		};
/* End PBXNativeTarget section */

/* Begin PBXProject section */
		25D64B361BF320AE00FBFCCF /* Project object */ = {
			isa = PBXProject;
			attributes = {
				LastUpgradeCheck = 0640;
				ORGANIZATIONNAME = qianfeng;
				TargetAttributes = {
					25D64B3D1BF320AF00FBFCCF = {
						CreatedOnToolsVersion = 6.4;
					};
					25D64B561BF320AF00FBFCCF = {
						CreatedOnToolsVersion = 6.4;
						TestTargetID = 25D64B3D1BF320AF00FBFCCF;
					};
				};
			};
			buildConfigurationList = 25D64B391BF320AF00FBFCCF /* Build configuration list for PBXProject "GitDomo" */;
			compatibilityVersion = "Xcode 3.2";
			developmentRegion = English;
			hasScannedForEncodings = 0;
			knownRegions = (
				en,
				Base,
			);
			mainGroup = 25D64B351BF320AE00FBFCCF;
			productRefGroup = 25D64B3F1BF320AF00FBFCCF /* Products */;
			projectDirPath = "";
			projectRoot = "";
			targets = (
				25D64B3D1BF320AF00FBFCCF /* GitDomo */,
				25D64B561BF320AF00FBFCCF /* GitDomoTests */,
			);
		};
/* End PBXProject section */

/* Begin PBXResourcesBuildPhase section */
		25D64B3C1BF320AF00FBFCCF /* Resources */ = {
			isa = PBXResourcesBuildPhase;
			buildActionMask = 2147483647;
			files = (
				25D64B4D1BF320AF00FBFCCF /* Main.storyboard in Resources */,
				25D64B521BF320AF00FBFCCF /* LaunchScreen.xib in Resources */,
				25D64B4F1BF320AF00FBFCCF /* Images.xcassets in Resources */,
			);
			runOnlyForDeploymentPostprocessing = 0;
		};
		25D64B551BF320AF00FBFCCF /* Resources */ = {
			isa = PBXResourcesBuildPhase;
			buildActionMask = 2147483647;
			files = (
			);
			runOnlyForDeploymentPostprocessing = 0;
		};
/* End PBXResourcesBuildPhase section */

/* Begin PBXSourcesBuildPhase section */
		25D64B3A1BF320AF00FBFCCF /* Sources */ = {
			isa = PBXSourcesBuildPhase;
			buildActionMask = 2147483647;
			files = (
				25D64B4A1BF320AF00FBFCCF /* ViewController.m in Sources */,
				25D64B471BF320AF00FBFCCF /* AppDelegate.m in Sources */,
				25D64B441BF320AF00FBFCCF /* main.m in Sources */,
			);
			runOnlyForDeploymentPostprocessing = 0;
		};
		25D64B531BF320AF00FBFCCF /* Sources */ = {
			isa = PBXSourcesBuildPhase;
			buildActionMask = 2147483647;
			files = (
				25D64B5E1BF320AF00FBFCCF /* GitDomoTests.m in Sources */,
			);
			runOnlyForDeploymentPostprocessing = 0;
		};
/* End PBXSourcesBuildPhase section */

/* Begin PBXTargetDependency section */
		25D64B591BF320AF00FBFCCF /* PBXTargetDependency */ = {
			isa = PBXTargetDependency;
			target = 25D64B3D1BF320AF00FBFCCF /* GitDomo */;
			targetProxy = 25D64B581BF320AF00FBFCCF /* PBXContainerItemProxy */;
		};
/* End PBXTargetDependency section */

/* Begin PBXVariantGroup section */
		25D64B4B1BF320AF00FBFCCF /* Main.storyboard */ = {
			isa = PBXVariantGroup;
			children = (
				25D64B4C1BF320AF00FBFCCF /* Base */,
			);
			name = Main.storyboard;
			sourceTree = "<group>";
		};
		25D64B501BF320AF00FBFCCF /* LaunchScreen.xib */ = {
			isa = PBXVariantGroup;
			children = (
				25D64B511BF320AF00FBFCCF /* Base */,
			);
			name = LaunchScreen.xib;
			sourceTree = "<group>";
		};
/* End PBXVariantGroup section */

/* Begin XCBuildConfiguration section */
		25D64B5F1BF320AF00FBFCCF /* Debug */ = {
			isa = XCBuildConfiguration;
			buildSettings = {
				ALWAYS_SEARCH_USER_PATHS = NO;
				CLANG_CXX_LANGUAGE_STANDARD = "gnu++0x";
				CLANG_CXX_LIBRARY = "libc++";
				CLANG_ENABLE_MODULES = YES;
				CLANG_ENABLE_OBJC_ARC = YES;
				CLANG_WARN_BOOL_CONVERSION = YES;
				CLANG_WARN_CONSTANT_CONVERSION = YES;
				CLANG_WARN_DIRECT_OBJC_ISA_USAGE = YES_ERROR;
				CLANG_WARN_EMPTY_BODY = YES;
				CLANG_WARN_ENUM_CONVERSION = YES;
				CLANG_WARN_INT_CONVERSION = YES;
				CLANG_WARN_OBJC_ROOT_CLASS = YES_ERROR;
				CLANG_WARN_UNREACHABLE_CODE = YES;
				CLANG_WARN__DUPLICATE_METHOD_MATCH = YES;
				"CODE_SIGN_IDENTITY[sdk=iphoneos*]" = "iPhone Developer";
				COPY_PHASE_STRIP = NO;
				DEBUG_INFORMATION_FORMAT = "dwarf-with-dsym";
				ENABLE_STRICT_OBJC_MSGSEND = YES;
				GCC_C_LANGUAGE_STANDARD = gnu99;
				GCC_DYNAMIC_NO_PIC = NO;
				GCC_NO_COMMON_BLOCKS = YES;
				GCC_OPTIMIZATION_LEVEL = 0;
				GCC_PREPROCESSOR_DEFINITIONS = (
					"DEBUG=1",
					"$(inherited)",
				);
				GCC_SYMBOLS_PRIVATE_EXTERN = NO;
				GCC_WARN_64_TO_32_BIT_CONVERSION = YES;
				GCC_WARN_ABOUT_RETURN_TYPE = YES_ERROR;
				GCC_WARN_UNDECLARED_SELECTOR = YES;
				GCC_WARN_UNINITIALIZED_AUTOS = YES_AGGRESSIVE;
				GCC_WARN_UNUSED_FUNCTION = YES;
				GCC_WARN_UNUSED_VARIABLE = YES;
				IPHONEOS_DEPLOYMENT_TARGET = 8.4;
				MTL_ENABLE_DEBUG_INFO = YES;
				ONLY_ACTIVE_ARCH = YES;
				SDKROOT = iphoneos;
				TARGETED_DEVICE_FAMILY = "1,2";
			};
			name = Debug;
		};
		25D64B601BF320AF00FBFCCF /* Release */ = {
			isa = XCBuildConfiguration;
			buildSettings = {
				ALWAYS_SEARCH_USER_PATHS = NO;
				CLANG_CXX_LANGUAGE_STANDARD = "gnu++0x";
				CLANG_CXX_LIBRARY = "libc++";
				CLANG_ENABLE_MODULES = YES;
				CLANG_ENABLE_OBJC_ARC = YES;
				CLANG_WARN_BOOL_CONVERSION = YES;
				CLANG_WARN_CONSTANT_CONVERSION = YES;
				CLANG_WARN_DIRECT_OBJC_ISA_USAGE = YES_ERROR;
				CLANG_WARN_EMPTY_BODY = YES;
				CLANG_WARN_ENUM_CONVERSION = YES;
				CLANG_WARN_INT_CONVERSION = YES;
				CLANG_WARN_OBJC_ROOT_CLASS = YES_ERROR;
				CLANG_WARN_UNREACHABLE_CODE = YES;
				CLANG_WARN__DUPLICATE_METHOD_MATCH = YES;
				"CODE_SIGN_IDENTITY[sdk=iphoneos*]" = "iPhone Developer";
				COPY_PHASE_STRIP = NO;
				DEBUG_INFORMATION_FORMAT = "dwarf-with-dsym";
				ENABLE_NS_ASSERTIONS = NO;
				ENABLE_STRICT_OBJC_MSGSEND = YES;
				GCC_C_LANGUAGE_STANDARD = gnu99;
				GCC_NO_COMMON_BLOCKS = YES;
				GCC_WARN_64_TO_32_BIT_CONVERSION = YES;
				GCC_WARN_ABOUT_RETURN_TYPE = YES_ERROR;
				GCC_WARN_UNDECLARED_SELECTOR = YES;
				GCC_WARN_UNINITIALIZED_AUTOS = YES_AGGRESSIVE;
				GCC_WARN_UNUSED_FUNCTION = YES;
				GCC_WARN_UNUSED_VARIABLE = YES;
				IPHONEOS_DEPLOYMENT_TARGET = 8.4;
				MTL_ENABLE_DEBUG_INFO = NO;
				SDKROOT = iphoneos;
				TARGETED_DEVICE_FAMILY = "1,2";
				VALIDATE_PRODUCT = YES;
			};
			name = Release;
		};
		25D64B621BF320AF00FBFCCF /* Debug */ = {
			isa = XCBuildConfiguration;
			buildSettings = {
				ASSETCATALOG_COMPILER_APPICON_NAME = AppIcon;
				INFOPLIST_FILE = GitDomo/Info.plist;
				LD_RUNPATH_SEARCH_PATHS = "$(inherited) @executable_path/Frameworks";
				PRODUCT_NAME = "$(TARGET_NAME)";
			};
			name = Debug;
		};
		25D64B631BF320AF00FBFCCF /* Release */ = {
			isa = XCBuildConfiguration;
			buildSettings = {
				ASSETCATALOG_COMPILER_APPICON_NAME = AppIcon;
				INFOPLIST_FILE = GitDomo/Info.plist;
				LD_RUNPATH_SEARCH_PATHS = "$(inherited) @executable_path/Frameworks";
				PRODUCT_NAME = "$(TARGET_NAME)";
			};
			name = Release;
		};
		25D64B651BF320AF00FBFCCF /* Debug */ = {
			isa = XCBuildConfiguration;
			buildSettings = {
				BUNDLE_LOADER = "$(TEST_HOST)";
				FRAMEWORK_SEARCH_PATHS = (
					"$(SDKROOT)/Developer/Library/Frameworks",
					"$(inherited)",
				);
				GCC_PREPROCESSOR_DEFINITIONS = (
					"DEBUG=1",
					"$(inherited)",
				);
				INFOPLIST_FILE = GitDomoTests/Info.plist;
				LD_RUNPATH_SEARCH_PATHS = "$(inherited) @executable_path/Frameworks @loader_path/Frameworks";
				PRODUCT_NAME = "$(TARGET_NAME)";
				TEST_HOST = "$(BUILT_PRODUCTS_DIR)/GitDomo.app/GitDomo";
			};
			name = Debug;
		};
		25D64B661BF320AF00FBFCCF /* Release */ = {
			isa = XCBuildConfiguration;
			buildSettings = {
				BUNDLE_LOADER = "$(TEST_HOST)";
				FRAMEWORK_SEARCH_PATHS = (
					"$(SDKROOT)/Developer/Library/Frameworks",
					"$(inherited)",
				);
				INFOPLIST_FILE = GitDomoTests/Info.plist;
				LD_RUNPATH_SEARCH_PATHS = "$(inherited) @executable_path/Frameworks @loader_path/Frameworks";
				PRODUCT_NAME = "$(TARGET_NAME)";
				TEST_HOST = "$(BUILT_PRODUCTS_DIR)/GitDomo.app/GitDomo";
			};
			name = Release;
		};
/* End XCBuildConfiguration section */

/* Begin XCConfigurationList section */
		25D64B391BF320AF00FBFCCF /* Build configuration list for PBXProject "GitDomo" */ = {
			isa = XCConfigurationList;
			buildConfigurations = (
				25D64B5F1BF320AF00FBFCCF /* Debug */,
				25D64B601BF320AF00FBFCCF /* Release */,
			);
			defaultConfigurationIsVisible = 0;
			defaultConfigurationName = Release;
		};
		25D64B611BF320AF00FBFCCF /* Build configuration list for PBXNativeTarget "GitDomo" */ = {
			isa = XCConfigurationList;
			buildConfigurations = (
				25D64B621BF320AF00FBFCCF /* Debug */,
				25D64B631BF320AF00FBFCCF /* Release */,
			);
			defaultConfigurationIsVisible = 0;
		};
		25D64B641BF320AF00FBFCCF /* Build configuration list for PBXNativeTarget "GitDomoTests" */ = {
			isa = XCConfigurationList;
			buildConfigurations = (
				25D64B651BF320AF00FBFCCF /* Debug */,
				25D64B661BF320AF00FBFCCF /* Release */,
			);
			defaultConfigurationIsVisible = 0;
		};
/* End XCConfigurationList section */
	};
	rootObject = 25D64B361BF320AE00FBFCCF /* Project object */;
}
